
Microsoft Visual Studio Solution File, Format Version 12.00
# Visual Studio 2012
Project("{FAE04EC0-301F-11D3-BF4B-00C04F79EFBC}") = "XamarinAndroid.AdBuddiz", "XamarinAndroid.AdBuddiz\XamarinAndroid.AdBuddiz.csproj", "{C28D100E-45FD-4A1B-9ADE-7FA15CF5636F}"
EndProject
Global
	GlobalSection(SolutionConfigurationPlatforms) = preSolution
		Debug|Any CPU = Debug|Any CPU
		Release|Any CPU = Release|Any CPU
	EndGlobalSection
	GlobalSection(ProjectConfigurationPlatforms) = postSolution
		{C28D100E-45FD-4A1B-9ADE-7FA15CF5636F}.Debug|Any CPU.ActiveCfg = Debug|Any CPU
		{C28D100E-45FD-4A1B-9ADE-7FA15CF5636F}.Debug|Any CPU.Build.0 = Debug|Any CPU
		{C28D100E-45FD-4A1B-9ADE-7FA15CF5636F}.Release|Any CPU.ActiveCfg = Release|Any CPU
		{C28D100E-45FD-4A1B-9ADE-7FA15CF5636F}.Release|Any CPU.Build.0 = Release|Any CPU
	EndGlobalSection
	GlobalSection(MonoDevelopProperties) = preSolution
		StartupItem = XamarinAndroid.AdBuddiz\XamarinAndroid.AdBuddiz.csproj
	EndGlobalSection
EndGlobal
