
Microsoft Visual Studio Solution File, Format Version 12.00
# Visual Studio 2012
Project("{2150E333-8FDC-42A3-9474-1A3956D46DE8}") = "Libs", "Libs", "{CDC67C42-9B0C-4E37-BE22-4BE8C03AE09A}"
	ProjectSection(SolutionItems) = preProject
		Libs\AdBuddizDroid.dll = Libs\AdBuddizDroid.dll
	EndProjectSection
EndProject
Project("{FAE04EC0-301F-11D3-BF4B-00C04F79EFBC}") = "AdBuddizDroid", "AdBuddizDroid.Android\AdBuddizDroid.csproj", "{B3E293E3-1525-4973-AF15-D6E75FC33809}"
EndProject
Global
	GlobalSection(SolutionConfigurationPlatforms) = preSolution
		Debug|Any CPU = Debug|Any CPU
		Release|Any CPU = Release|Any CPU
	EndGlobalSection
	GlobalSection(ProjectConfigurationPlatforms) = postSolution
		{B3E293E3-1525-4973-AF15-D6E75FC33809}.Debug|Any CPU.ActiveCfg = Debug|Any CPU
		{B3E293E3-1525-4973-AF15-D6E75FC33809}.Debug|Any CPU.ActiveCfg = Debug|Any CPU
		{B3E293E3-1525-4973-AF15-D6E75FC33809}.Debug|Any CPU.Build.0 = Debug|Any CPU
		{B3E293E3-1525-4973-AF15-D6E75FC33809}.Debug|Any CPU.Build.0 = Debug|Any CPU
		{B3E293E3-1525-4973-AF15-D6E75FC33809}.Release|Any CPU.ActiveCfg = Release|Any CPU
		{B3E293E3-1525-4973-AF15-D6E75FC33809}.Release|Any CPU.ActiveCfg = Release|Any CPU
		{B3E293E3-1525-4973-AF15-D6E75FC33809}.Release|Any CPU.Build.0 = Release|Any CPU
		{B3E293E3-1525-4973-AF15-D6E75FC33809}.Release|Any CPU.Build.0 = Release|Any CPU
	EndGlobalSection
	GlobalSection(NestedProjects) = preSolution
	EndGlobalSection
	GlobalSection(MonoDevelopProperties) = preSolution
		StartupItem = AdBuddizDroid.Android\AdBuddizDroid.csproj
	EndGlobalSection
EndGlobal
